// !$*UTF8*$!
{
	archiveVersion = 1;
	classes = {
	};
	objectVersion = 50;
	objects = {

/* Begin PBXBuildFile section */
		45E54B4F23EEE3D200D03DF7 /* AppDelegate.swift in Sources */ = {isa = PBXBuildFile; fileRef = 45E54B4E23EEE3D200D03DF7 /* AppDelegate.swift */; };
		45E54B5123EEE3D200D03DF7 /* SceneDelegate.swift in Sources */ = {isa = PBXBuildFile; fileRef = 45E54B5023EEE3D200D03DF7 /* SceneDelegate.swift */; };
		45E54B5323EEE3D200D03DF7 /* ClockInViewController.swift in Sources */ = {isa = PBXBuildFile; fileRef = 45E54B5223EEE3D200D03DF7 /* ClockInViewController.swift */; };
		45E54B5523EEE3D200D03DF7 /* SecondViewController.swift in Sources */ = {isa = PBXBuildFile; fileRef = 45E54B5423EEE3D200D03DF7 /* SecondViewController.swift */; };
		45E54B5823EEE3D200D03DF7 /* Main.storyboard in Resources */ = {isa = PBXBuildFile; fileRef = 45E54B5623EEE3D200D03DF7 /* Main.storyboard */; };
		45E54B5A23EEE3D300D03DF7 /* Assets.xcassets in Resources */ = {isa = PBXBuildFile; fileRef = 45E54B5923EEE3D300D03DF7 /* Assets.xcassets */; };
		45E54B5D23EEE3D300D03DF7 /* LaunchScreen.storyboard in Resources */ = {isa = PBXBuildFile; fileRef = 45E54B5B23EEE3D300D03DF7 /* LaunchScreen.storyboard */; };
		45E54B6823EEE3D300D03DF7 /* ClockInTests.swift in Sources */ = {isa = PBXBuildFile; fileRef = 45E54B6723EEE3D300D03DF7 /* ClockInTests.swift */; };
/* End PBXBuildFile section */

/* Begin PBXContainerItemProxy section */
		45E54B6423EEE3D300D03DF7 /* PBXContainerItemProxy */ = {
			isa = PBXContainerItemProxy;
			containerPortal = 45E54B4323EEE3D200D03DF7 /* Project object */;
			proxyType = 1;
			remoteGlobalIDString = 45E54B4A23EEE3D200D03DF7;
			remoteInfo = ClockIn;
		};
/* End PBXContainerItemProxy section */

/* Begin PBXFileReference section */
		4510A3CC23EEE67700338AE1 /* ClockIn.entitlements */ = {isa = PBXFileReference; lastKnownFileType = text.plist.entitlements; path = ClockIn.entitlements; sourceTree = "<group>"; };
		45E54B4B23EEE3D200D03DF7 /* ClockIn.app */ = {isa = PBXFileReference; explicitFileType = wrapper.application; includeInIndex = 0; path = ClockIn.app; sourceTree = BUILT_PRODUCTS_DIR; };
		45E54B4E23EEE3D200D03DF7 /* AppDelegate.swift */ = {isa = PBXFileReference; lastKnownFileType = sourcecode.swift; path = AppDelegate.swift; sourceTree = "<group>"; };
		45E54B5023EEE3D200D03DF7 /* SceneDelegate.swift */ = {isa = PBXFileReference; lastKnownFileType = sourcecode.swift; path = SceneDelegate.swift; sourceTree = "<group>"; };
		45E54B5223EEE3D200D03DF7 /* ClockInViewController.swift */ = {isa = PBXFileReference; lastKnownFileType = sourcecode.swift; path = ClockInViewController.swift; sourceTree = "<group>"; };
		45E54B5423EEE3D200D03DF7 /* SecondViewController.swift */ = {isa = PBXFileReference; lastKnownFileType = sourcecode.swift; path = SecondViewController.swift; sourceTree = "<group>"; };
		45E54B5723EEE3D200D03DF7 /* Base */ = {isa = PBXFileReference; lastKnownFileType = file.storyboard; name = Base; path = Base.lproj/Main.storyboard; sourceTree = "<group>"; };
		45E54B5923EEE3D300D03DF7 /* Assets.xcassets */ = {isa = PBXFileReference; lastKnownFileType = folder.assetcatalog; path = Assets.xcassets; sourceTree = "<group>"; };
		45E54B5C23EEE3D300D03DF7 /* Base */ = {isa = PBXFileReference; lastKnownFileType = file.storyboard; name = Base; path = Base.lproj/LaunchScreen.storyboard; sourceTree = "<group>"; };
		45E54B5E23EEE3D300D03DF7 /* Info.plist */ = {isa = PBXFileReference; lastKnownFileType = text.plist.xml; path = Info.plist; sourceTree = "<group>"; };
		45E54B6323EEE3D300D03DF7 /* ClockInTests.xctest */ = {isa = PBXFileReference; explicitFileType = wrapper.cfbundle; includeInIndex = 0; path = ClockInTests.xctest; sourceTree = BUILT_PRODUCTS_DIR; };
		45E54B6723EEE3D300D03DF7 /* ClockInTests.swift */ = {isa = PBXFileReference; lastKnownFileType = sourcecode.swift; path = ClockInTests.swift; sourceTree = "<group>"; };
		45E54B6923EEE3D300D03DF7 /* Info.plist */ = {isa = PBXFileReference; lastKnownFileType = text.plist.xml; path = Info.plist; sourceTree = "<group>"; };
/* End PBXFileReference section */

/* Begin PBXFrameworksBuildPhase section */
		45E54B4823EEE3D200D03DF7 /* Frameworks */ = {
			isa = PBXFrameworksBuildPhase;
			buildActionMask = 2147483647;
			files = (
			);
			runOnlyForDeploymentPostprocessing = 0;
		};
		45E54B6023EEE3D300D03DF7 /* Frameworks */ = {
			isa = PBXFrameworksBuildPhase;
			buildActionMask = 2147483647;
			files = (
			);
			runOnlyForDeploymentPostprocessing = 0;
		};
/* End PBXFrameworksBuildPhase section */

/* Begin PBXGroup section */
		45E54B4223EEE3D200D03DF7 = {
			isa = PBXGroup;
			children = (
				45E54B4D23EEE3D200D03DF7 /* ClockIn */,
				45E54B6623EEE3D300D03DF7 /* ClockInTests */,
				45E54B4C23EEE3D200D03DF7 /* Products */,
			);
			sourceTree = "<group>";
		};
		45E54B4C23EEE3D200D03DF7 /* Products */ = {
			isa = PBXGroup;
			children = (
				45E54B4B23EEE3D200D03DF7 /* ClockIn.app */,
				45E54B6323EEE3D300D03DF7 /* ClockInTests.xctest */,
			);
			name = Products;
			sourceTree = "<group>";
		};
		45E54B4D23EEE3D200D03DF7 /* ClockIn */ = {
			isa = PBXGroup;
			children = (
				4510A3CC23EEE67700338AE1 /* ClockIn.entitlements */,
				45E54B4E23EEE3D200D03DF7 /* AppDelegate.swift */,
				45E54B5023EEE3D200D03DF7 /* SceneDelegate.swift */,
				45E54B5223EEE3D200D03DF7 /* ClockInViewController.swift */,
				45E54B5423EEE3D200D03DF7 /* SecondViewController.swift */,
				45E54B5623EEE3D200D03DF7 /* Main.storyboard */,
				45E54B5923EEE3D300D03DF7 /* Assets.xcassets */,
				45E54B5B23EEE3D300D03DF7 /* LaunchScreen.storyboard */,
				45E54B5E23EEE3D300D03DF7 /* Info.plist */,
			);
			path = ClockIn;
			sourceTree = "<group>";
		};
		45E54B6623EEE3D300D03DF7 /* ClockInTests */ = {
			isa = PBXGroup;
			children = (
				45E54B6723EEE3D300D03DF7 /* ClockInTests.swift */,
				45E54B6923EEE3D300D03DF7 /* Info.plist */,
			);
			path = ClockInTests;
			sourceTree = "<group>";
		};
/* End PBXGroup section */

/* Begin PBXNativeTarget section */
		45E54B4A23EEE3D200D03DF7 /* ClockIn */ = {
			isa = PBXNativeTarget;
			buildConfigurationList = 45E54B6C23EEE3D300D03DF7 /* Build configuration list for PBXNativeTarget "ClockIn" */;
			buildPhases = (
				45E54B4723EEE3D200D03DF7 /* Sources */,
				45E54B4823EEE3D200D03DF7 /* Frameworks */,
				45E54B4923EEE3D200D03DF7 /* Resources */,
			);
			buildRules = (
			);
			dependencies = (
			);
			name = ClockIn;
			productName = ClockIn;
			productReference = 45E54B4B23EEE3D200D03DF7 /* ClockIn.app */;
			productType = "com.apple.product-type.application";
		};
		45E54B6223EEE3D300D03DF7 /* ClockInTests */ = {
			isa = PBXNativeTarget;
			buildConfigurationList = 45E54B6F23EEE3D300D03DF7 /* Build configuration list for PBXNativeTarget "ClockInTests" */;
			buildPhases = (
				45E54B5F23EEE3D300D03DF7 /* Sources */,
				45E54B6023EEE3D300D03DF7 /* Frameworks */,
				45E54B6123EEE3D300D03DF7 /* Resources */,
			);
			buildRules = (
			);
			dependencies = (
				45E54B6523EEE3D300D03DF7 /* PBXTargetDependency */,
			);
			name = ClockInTests;
			productName = ClockInTests;
			productReference = 45E54B6323EEE3D300D03DF7 /* ClockInTests.xctest */;
			productType = "com.apple.product-type.bundle.unit-test";
		};
/* End PBXNativeTarget section */

/* Begin PBXProject section */
		45E54B4323EEE3D200D03DF7 /* Project object */ = {
			isa = PBXProject;
			attributes = {
				LastSwiftUpdateCheck = 1130;
				LastUpgradeCheck = 1130;
				ORGANIZATIONNAME = "Luke Jansen";
				TargetAttributes = {
					45E54B4A23EEE3D200D03DF7 = {
						CreatedOnToolsVersion = 11.3;
					};
					45E54B6223EEE3D300D03DF7 = {
						CreatedOnToolsVersion = 11.3;
						TestTargetID = 45E54B4A23EEE3D200D03DF7;
					};
				};
			};
			buildConfigurationList = 45E54B4623EEE3D200D03DF7 /* Build configuration list for PBXProject "ClockIn" */;
			compatibilityVersion = "Xcode 9.3";
			developmentRegion = en;
			hasScannedForEncodings = 0;
			knownRegions = (
				en,
				Base,
			);
			mainGroup = 45E54B4223EEE3D200D03DF7;
			productRefGroup = 45E54B4C23EEE3D200D03DF7 /* Products */;
			projectDirPath = "";
			projectRoot = "";
			targets = (
				45E54B4A23EEE3D200D03DF7 /* ClockIn */,
				45E54B6223EEE3D300D03DF7 /* ClockInTests */,
			);
		};
/* End PBXProject section */

/* Begin PBXResourcesBuildPhase section */
		45E54B4923EEE3D200D03DF7 /* Resources */ = {
			isa = PBXResourcesBuildPhase;
			buildActionMask = 2147483647;
			files = (
				45E54B5D23EEE3D300D03DF7 /* LaunchScreen.storyboard in Resources */,
				45E54B5A23EEE3D300D03DF7 /* Assets.xcassets in Resources */,
				45E54B5823EEE3D200D03DF7 /* Main.storyboard in Resources */,
			);
			runOnlyForDeploymentPostprocessing = 0;
		};
		45E54B6123EEE3D300D03DF7 /* Resources */ = {
			isa = PBXResourcesBuildPhase;
			buildActionMask = 2147483647;
			files = (
			);
			runOnlyForDeploymentPostprocessing = 0;
		};
/* End PBXResourcesBuildPhase section */

/* Begin PBXSourcesBuildPhase section */
		45E54B4723EEE3D200D03DF7 /* Sources */ = {
			isa = PBXSourcesBuildPhase;
			buildActionMask = 2147483647;
			files = (
				45E54B5523EEE3D200D03DF7 /* SecondViewController.swift in Sources */,
				45E54B5323EEE3D200D03DF7 /* ClockInViewController.swift in Sources */,
				45E54B4F23EEE3D200D03DF7 /* AppDelegate.swift in Sources */,
				45E54B5123EEE3D200D03DF7 /* SceneDelegate.swift in Sources */,
			);
			runOnlyForDeploymentPostprocessing = 0;
		};
		45E54B5F23EEE3D300D03DF7 /* Sources */ = {
			isa = PBXSourcesBuildPhase;
			buildActionMask = 2147483647;
			files = (
				45E54B6823EEE3D300D03DF7 /* ClockInTests.swift in Sources */,
			);
			runOnlyForDeploymentPostprocessing = 0;
		};
/* End PBXSourcesBuildPhase section */

/* Begin PBXTargetDependency section */
		45E54B6523EEE3D300D03DF7 /* PBXTargetDependency */ = {
			isa = PBXTargetDependency;
			target = 45E54B4A23EEE3D200D03DF7 /* ClockIn */;
			targetProxy = 45E54B6423EEE3D300D03DF7 /* PBXContainerItemProxy */;
		};
/* End PBXTargetDependency section */

/* Begin PBXVariantGroup section */
		45E54B5623EEE3D200D03DF7 /* Main.storyboard */ = {
			isa = PBXVariantGroup;
			children = (
				45E54B5723EEE3D200D03DF7 /* Base */,
			);
			name = Main.storyboard;
			sourceTree = "<group>";
		};
		45E54B5B23EEE3D300D03DF7 /* LaunchScreen.storyboard */ = {
			isa = PBXVariantGroup;
			children = (
				45E54B5C23EEE3D300D03DF7 /* Base */,
			);
			name = LaunchScreen.storyboard;
			sourceTree = "<group>";
		};
/* End PBXVariantGroup section */

/* Begin XCBuildConfiguration section */
		45E54B6A23EEE3D300D03DF7 /* Debug */ = {
			isa = XCBuildConfiguration;
			buildSettings = {
				ALWAYS_SEARCH_USER_PATHS = NO;
				CLANG_ANALYZER_NONNULL = YES;
				CLANG_ANALYZER_NUMBER_OBJECT_CONVERSION = YES_AGGRESSIVE;
				CLANG_CXX_LANGUAGE_STANDARD = "gnu++14";
				CLANG_CXX_LIBRARY = "libc++";
				CLANG_ENABLE_MODULES = YES;
				CLANG_ENABLE_OBJC_ARC = YES;
				CLANG_ENABLE_OBJC_WEAK = YES;
				CLANG_WARN_BLOCK_CAPTURE_AUTORELEASING = YES;
				CLANG_WARN_BOOL_CONVERSION = YES;
				CLANG_WARN_COMMA = YES;
				CLANG_WARN_CONSTANT_CONVERSION = YES;
				CLANG_WARN_DEPRECATED_OBJC_IMPLEMENTATIONS = YES;
				CLANG_WARN_DIRECT_OBJC_ISA_USAGE = YES_ERROR;
				CLANG_WARN_DOCUMENTATION_COMMENTS = YES;
				CLANG_WARN_EMPTY_BODY = YES;
				CLANG_WARN_ENUM_CONVERSION = YES;
				CLANG_WARN_INFINITE_RECURSION = YES;
				CLANG_WARN_INT_CONVERSION = YES;
				CLANG_WARN_NON_LITERAL_NULL_CONVERSION = YES;
				CLANG_WARN_OBJC_IMPLICIT_RETAIN_SELF = YES;
				CLANG_WARN_OBJC_LITERAL_CONVERSION = YES;
				CLANG_WARN_OBJC_ROOT_CLASS = YES_ERROR;
				CLANG_WARN_RANGE_LOOP_ANALYSIS = YES;
				CLANG_WARN_STRICT_PROTOTYPES = YES;
				CLANG_WARN_SUSPICIOUS_MOVE = YES;
				CLANG_WARN_UNGUARDED_AVAILABILITY = YES_AGGRESSIVE;
				CLANG_WARN_UNREACHABLE_CODE = YES;
				CLANG_WARN__DUPLICATE_METHOD_MATCH = YES;
				COPY_PHASE_STRIP = NO;
				DEBUG_INFORMATION_FORMAT = dwarf;
				ENABLE_STRICT_OBJC_MSGSEND = YES;
				ENABLE_TESTABILITY = YES;
				GCC_C_LANGUAGE_STANDARD = gnu11;
				GCC_DYNAMIC_NO_PIC = NO;
				GCC_NO_COMMON_BLOCKS = YES;
				GCC_OPTIMIZATION_LEVEL = 0;
				GCC_PREPROCESSOR_DEFINITIONS = (
					"DEBUG=1",
					"$(inherited)",
				);
				GCC_WARN_64_TO_32_BIT_CONVERSION = YES;
				GCC_WARN_ABOUT_RETURN_TYPE = YES_ERROR;
				GCC_WARN_UNDECLARED_SELECTOR = YES;
				GCC_WARN_UNINITIALIZED_AUTOS = YES_AGGRESSIVE;
				GCC_WARN_UNUSED_FUNCTION = YES;
				GCC_WARN_UNUSED_VARIABLE = YES;
				IPHONEOS_DEPLOYMENT_TARGET = 13.2;
				MTL_ENABLE_DEBUG_INFO = INCLUDE_SOURCE;
				MTL_FAST_MATH = YES;
				ONLY_ACTIVE_ARCH = YES;
				SDKROOT = iphoneos;
				SWIFT_ACTIVE_COMPILATION_CONDITIONS = DEBUG;
				SWIFT_OPTIMIZATION_LEVEL = "-Onone";
			};
			name = Debug;
		};
		45E54B6B23EEE3D300D03DF7 /* Release */ = {
			isa = XCBuildConfiguration;
			buildSettings = {
				ALWAYS_SEARCH_USER_PATHS = NO;
				CLANG_ANALYZER_NONNULL = YES;
				CLANG_ANALYZER_NUMBER_OBJECT_CONVERSION = YES_AGGRESSIVE;
				CLANG_CXX_LANGUAGE_STANDARD = "gnu++14";
				CLANG_CXX_LIBRARY = "libc++";
				CLANG_ENABLE_MODULES = YES;
				CLANG_ENABLE_OBJC_ARC = YES;
				CLANG_ENABLE_OBJC_WEAK = YES;
				CLANG_WARN_BLOCK_CAPTURE_AUTORELEASING = YES;
				CLANG_WARN_BOOL_CONVERSION = YES;
				CLANG_WARN_COMMA = YES;
				CLANG_WARN_CONSTANT_CONVERSION = YES;
				CLANG_WARN_DEPRECATED_OBJC_IMPLEMENTATIONS = YES;
				CLANG_WARN_DIRECT_OBJC_ISA_USAGE = YES_ERROR;
				CLANG_WARN_DOCUMENTATION_COMMENTS = YES;
				CLANG_WARN_EMPTY_BODY = YES;
				CLANG_WARN_ENUM_CONVERSION = YES;
				CLANG_WARN_INFINITE_RECURSION = YES;
				CLANG_WARN_INT_CONVERSION = YES;
				CLANG_WARN_NON_LITERAL_NULL_CONVERSION = YES;
				CLANG_WARN_OBJC_IMPLICIT_RETAIN_SELF = YES;
				CLANG_WARN_OBJC_LITERAL_CONVERSION = YES;
				CLANG_WARN_OBJC_ROOT_CLASS = YES_ERROR;
				CLANG_WARN_RANGE_LOOP_ANALYSIS = YES;
				CLANG_WARN_STRICT_PROTOTYPES = YES;
				CLANG_WARN_SUSPICIOUS_MOVE = YES;
				CLANG_WARN_UNGUARDED_AVAILABILITY = YES_AGGRESSIVE;
				CLANG_WARN_UNREACHABLE_CODE = YES;
				CLANG_WARN__DUPLICATE_METHOD_MATCH = YES;
				COPY_PHASE_STRIP = NO;
				DEBUG_INFORMATION_FORMAT = "dwarf-with-dsym";
				ENABLE_NS_ASSERTIONS = NO;
				ENABLE_STRICT_OBJC_MSGSEND = YES;
				GCC_C_LANGUAGE_STANDARD = gnu11;
				GCC_NO_COMMON_BLOCKS = YES;
				GCC_WARN_64_TO_32_BIT_CONVERSION = YES;
				GCC_WARN_ABOUT_RETURN_TYPE = YES_ERROR;
				GCC_WARN_UNDECLARED_SELECTOR = YES;
				GCC_WARN_UNINITIALIZED_AUTOS = YES_AGGRESSIVE;
				GCC_WARN_UNUSED_FUNCTION = YES;
				GCC_WARN_UNUSED_VARIABLE = YES;
				IPHONEOS_DEPLOYMENT_TARGET = 13.2;
				MTL_ENABLE_DEBUG_INFO = NO;
				MTL_FAST_MATH = YES;
				SDKROOT = iphoneos;
				SWIFT_COMPILATION_MODE = wholemodule;
				SWIFT_OPTIMIZATION_LEVEL = "-O";
				VALIDATE_PRODUCT = YES;
			};
			name = Release;
		};
		45E54B6D23EEE3D300D03DF7 /* Debug */ = {
			isa = XCBuildConfiguration;
			buildSettings = {
				ASSETCATALOG_COMPILER_APPICON_NAME = AppIcon;
				CODE_SIGN_ENTITLEMENTS = ClockIn/ClockIn.entitlements;
				CODE_SIGN_STYLE = Automatic;
				DEVELOPMENT_TEAM = 26CMHU5QBA;
				INFOPLIST_FILE = ClockIn/Info.plist;
				LD_RUNPATH_SEARCH_PATHS = (
					"$(inherited)",
					"@executable_path/Frameworks",
				);
				PRODUCT_BUNDLE_IDENTIFIER = co.uk.lukejansen.ClockIn;
				PRODUCT_NAME = "$(TARGET_NAME)";
				SWIFT_VERSION = 5.0;
				TARGETED_DEVICE_FAMILY = "1,2";
			};
			name = Debug;
		};
		45E54B6E23EEE3D300D03DF7 /* Release */ = {
			isa = XCBuildConfiguration;
			buildSettings = {
				ASSETCATALOG_COMPILER_APPICON_NAME = AppIcon;
				CODE_SIGN_ENTITLEMENTS = ClockIn/ClockIn.entitlements;
				CODE_SIGN_STYLE = Automatic;
				DEVELOPMENT_TEAM = 26CMHU5QBA;
				INFOPLIST_FILE = ClockIn/Info.plist;
				LD_RUNPATH_SEARCH_PATHS = (
					"$(inherited)",
					"@executable_path/Frameworks",
				);
				PRODUCT_BUNDLE_IDENTIFIER = co.uk.lukejansen.ClockIn;
				PRODUCT_NAME = "$(TARGET_NAME)";
				SWIFT_VERSION = 5.0;
				TARGETED_DEVICE_FAMILY = "1,2";
			};
			name = Release;
		};
		45E54B7023EEE3D300D03DF7 /* Debug */ = {
			isa = XCBuildConfiguration;
			buildSettings = {
				ALWAYS_EMBED_SWIFT_STANDARD_LIBRARIES = YES;
				BUNDLE_LOADER = "$(TEST_HOST)";
				CODE_SIGN_STYLE = Automatic;
				DEVELOPMENT_TEAM = 26CMHU5QBA;
				INFOPLIST_FILE = ClockInTests/Info.plist;
				IPHONEOS_DEPLOYMENT_TARGET = 13.2;
				LD_RUNPATH_SEARCH_PATHS = (
					"$(inherited)",
					"@executable_path/Frameworks",
					"@loader_path/Frameworks",
				);
				PRODUCT_BUNDLE_IDENTIFIER = co.uk.lukejansen.ClockInTests;
				PRODUCT_NAME = "$(TARGET_NAME)";
				SWIFT_VERSION = 5.0;
				TARGETED_DEVICE_FAMILY = "1,2";
				TEST_HOST = "$(BUILT_PRODUCTS_DIR)/ClockIn.app/ClockIn";
			};
			name = Debug;
		};
		45E54B7123EEE3D300D03DF7 /* Release */ = {
			isa = XCBuildConfiguration;
			buildSettings = {
				ALWAYS_EMBED_SWIFT_STANDARD_LIBRARIES = YES;
				BUNDLE_LOADER = "$(TEST_HOST)";
				CODE_SIGN_STYLE = Automatic;
				DEVELOPMENT_TEAM = 26CMHU5QBA;
				INFOPLIST_FILE = ClockInTests/Info.plist;
				IPHONEOS_DEPLOYMENT_TARGET = 13.2;
				LD_RUNPATH_SEARCH_PATHS = (
					"$(inherited)",
					"@executable_path/Frameworks",
					"@loader_path/Frameworks",
				);
				PRODUCT_BUNDLE_IDENTIFIER = co.uk.lukejansen.ClockInTests;
				PRODUCT_NAME = "$(TARGET_NAME)";
				SWIFT_VERSION = 5.0;
				TARGETED_DEVICE_FAMILY = "1,2";
				TEST_HOST = "$(BUILT_PRODUCTS_DIR)/ClockIn.app/ClockIn";
			};
			name = Release;
		};
/* End XCBuildConfiguration section */

/* Begin XCConfigurationList section */
		45E54B4623EEE3D200D03DF7 /* Build configuration list for PBXProject "ClockIn" */ = {
			isa = XCConfigurationList;
			buildConfigurations = (
				45E54B6A23EEE3D300D03DF7 /* Debug */,
				45E54B6B23EEE3D300D03DF7 /* Release */,
			);
			defaultConfigurationIsVisible = 0;
			defaultConfigurationName = Release;
		};
		45E54B6C23EEE3D300D03DF7 /* Build configuration list for PBXNativeTarget "ClockIn" */ = {
			isa = XCConfigurationList;
			buildConfigurations = (
				45E54B6D23EEE3D300D03DF7 /* Debug */,
				45E54B6E23EEE3D300D03DF7 /* Release */,
			);
			defaultConfigurationIsVisible = 0;
			defaultConfigurationName = Release;
		};
		45E54B6F23EEE3D300D03DF7 /* Build configuration list for PBXNativeTarget "ClockInTests" */ = {
			isa = XCConfigurationList;
			buildConfigurations = (
				45E54B7023EEE3D300D03DF7 /* Debug */,
				45E54B7123EEE3D300D03DF7 /* Release */,
			);
			defaultConfigurationIsVisible = 0;
			defaultConfigurationName = Release;
		};
/* End XCConfigurationList section */
	};
	rootObject = 45E54B4323EEE3D200D03DF7 /* Project object */;
}
